// !$*UTF8*$!
{
	archiveVersion = 1;
	classes = {
	};
	objectVersion = 46;
	objects = {

/* Begin PBXBuildFile section */
		162EA9DE1B676E9100AA4CA0 /* main.m in Sources */ = {isa = PBXBuildFile; fileRef = 162EA9DD1B676E9100AA4CA0 /* main.m */; };
		162EA9E11B676E9100AA4CA0 /* AppDelegate.m in Sources */ = {isa = PBXBuildFile; fileRef = 162EA9E01B676E9100AA4CA0 /* AppDelegate.m */; };
		162EA9E41B676E9100AA4CA0 /* ViewController.m in Sources */ = {isa = PBXBuildFile; fileRef = 162EA9E31B676E9100AA4CA0 /* ViewController.m */; };
		162EA9E71B676E9100AA4CA0 /* Main.storyboard in Resources */ = {isa = PBXBuildFile; fileRef = 162EA9E51B676E9100AA4CA0 /* Main.storyboard */; };
		162EA9E91B676E9100AA4CA0 /* Images.xcassets in Resources */ = {isa = PBXBuildFile; fileRef = 162EA9E81B676E9100AA4CA0 /* Images.xcassets */; };
		162EA9EC1B676E9100AA4CA0 /* LaunchScreen.xib in Resources */ = {isa = PBXBuildFile; fileRef = 162EA9EA1B676E9100AA4CA0 /* LaunchScreen.xib */; };
		162EA9F81B676E9100AA4CA0 /* D3RecordButtonDemoTests.m in Sources */ = {isa = PBXBuildFile; fileRef = 162EA9F71B676E9100AA4CA0 /* D3RecordButtonDemoTests.m */; };
		162EAA311B68C12500AA4CA0 /* D3RecordButton.m in Sources */ = {isa = PBXBuildFile; fileRef = 162EAA221B68C12500AA4CA0 /* D3RecordButton.m */; };
		162EAA321B68C12500AA4CA0 /* mic_0.png in Resources */ = {isa = PBXBuildFile; fileRef = 162EAA241B68C12500AA4CA0 /* mic_0.png */; };
		162EAA331B68C12500AA4CA0 /* mic_1.png in Resources */ = {isa = PBXBuildFile; fileRef = 162EAA251B68C12500AA4CA0 /* mic_1.png */; };
		162EAA341B68C12500AA4CA0 /* mic_2.png in Resources */ = {isa = PBXBuildFile; fileRef = 162EAA261B68C12500AA4CA0 /* mic_2.png */; };
		162EAA351B68C12500AA4CA0 /* mic_3.png in Resources */ = {isa = PBXBuildFile; fileRef = 162EAA271B68C12500AA4CA0 /* mic_3.png */; };
		162EAA361B68C12500AA4CA0 /* mic_4.png in Resources */ = {isa = PBXBuildFile; fileRef = 162EAA281B68C12500AA4CA0 /* mic_4.png */; };
		162EAA371B68C12500AA4CA0 /* mic_5.png in Resources */ = {isa = PBXBuildFile; fileRef = 162EAA291B68C12500AA4CA0 /* mic_5.png */; };
		162EAA381B68C12500AA4CA0 /* mic_cancel.png in Resources */ = {isa = PBXBuildFile; fileRef = 162EAA2A1B68C12500AA4CA0 /* mic_cancel.png */; };
		162EAA391B68C12500AA4CA0 /* libmp3lame.a in Frameworks */ = {isa = PBXBuildFile; fileRef = 162EAA2C1B68C12500AA4CA0 /* libmp3lame.a */; };
		162EAA3A1B68C12500AA4CA0 /* Mp3Recorder.m in Sources */ = {isa = PBXBuildFile; fileRef = 162EAA2E1B68C12500AA4CA0 /* Mp3Recorder.m */; };
		162EAA3B1B68C12500AA4CA0 /* RecordHUD.m in Sources */ = {isa = PBXBuildFile; fileRef = 162EAA301B68C12500AA4CA0 /* RecordHUD.m */; };
/* End PBXBuildFile section */

/* Begin PBXContainerItemProxy section */
		162EA9F21B676E9100AA4CA0 /* PBXContainerItemProxy */ = {
			isa = PBXContainerItemProxy;
			containerPortal = 162EA9D01B676E9100AA4CA0 /* Project object */;
			proxyType = 1;
			remoteGlobalIDString = 162EA9D71B676E9100AA4CA0;
			remoteInfo = D3RecordButtonDemo;
		};
/* End PBXContainerItemProxy section */

/* Begin PBXFileReference section */
		162EA9D81B676E9100AA4CA0 /* D3RecordButtonDemo.app */ = {isa = PBXFileReference; explicitFileType = wrapper.application; includeInIndex = 0; path = D3RecordButtonDemo.app; sourceTree = BUILT_PRODUCTS_DIR; };
		162EA9DC1B676E9100AA4CA0 /* Info.plist */ = {isa = PBXFileReference; lastKnownFileType = text.plist.xml; path = Info.plist; sourceTree = "<group>"; };
		162EA9DD1B676E9100AA4CA0 /* main.m */ = {isa = PBXFileReference; lastKnownFileType = sourcecode.c.objc; path = main.m; sourceTree = "<group>"; };
		162EA9DF1B676E9100AA4CA0 /* AppDelegate.h */ = {isa = PBXFileReference; lastKnownFileType = sourcecode.c.h; path = AppDelegate.h; sourceTree = "<group>"; };
		162EA9E01B676E9100AA4CA0 /* AppDelegate.m */ = {isa = PBXFileReference; lastKnownFileType = sourcecode.c.objc; path = AppDelegate.m; sourceTree = "<group>"; };
		162EA9E21B676E9100AA4CA0 /* ViewController.h */ = {isa = PBXFileReference; lastKnownFileType = sourcecode.c.h; path = ViewController.h; sourceTree = "<group>"; };
		162EA9E31B676E9100AA4CA0 /* ViewController.m */ = {isa = PBXFileReference; lastKnownFileType = sourcecode.c.objc; path = ViewController.m; sourceTree = "<group>"; };
		162EA9E61B676E9100AA4CA0 /* Base */ = {isa = PBXFileReference; lastKnownFileType = file.storyboard; name = Base; path = Base.lproj/Main.storyboard; sourceTree = "<group>"; };
		162EA9E81B676E9100AA4CA0 /* Images.xcassets */ = {isa = PBXFileReference; lastKnownFileType = folder.assetcatalog; path = Images.xcassets; sourceTree = "<group>"; };
		162EA9EB1B676E9100AA4CA0 /* Base */ = {isa = PBXFileReference; lastKnownFileType = file.xib; name = Base; path = Base.lproj/LaunchScreen.xib; sourceTree = "<group>"; };
		162EA9F11B676E9100AA4CA0 /* D3RecordButtonDemoTests.xctest */ = {isa = PBXFileReference; explicitFileType = wrapper.cfbundle; includeInIndex = 0; path = D3RecordButtonDemoTests.xctest; sourceTree = BUILT_PRODUCTS_DIR; };
		162EA9F61B676E9100AA4CA0 /* Info.plist */ = {isa = PBXFileReference; lastKnownFileType = text.plist.xml; path = Info.plist; sourceTree = "<group>"; };
		162EA9F71B676E9100AA4CA0 /* D3RecordButtonDemoTests.m */ = {isa = PBXFileReference; lastKnownFileType = sourcecode.c.objc; path = D3RecordButtonDemoTests.m; sourceTree = "<group>"; };
		162EAA211B68C12500AA4CA0 /* D3RecordButton.h */ = {isa = PBXFileReference; fileEncoding = 4; lastKnownFileType = sourcecode.c.h; path = D3RecordButton.h; sourceTree = "<group>"; };
		162EAA221B68C12500AA4CA0 /* D3RecordButton.m */ = {isa = PBXFileReference; fileEncoding = 4; lastKnownFileType = sourcecode.c.objc; path = D3RecordButton.m; sourceTree = "<group>"; };
		162EAA241B68C12500AA4CA0 /* mic_0.png */ = {isa = PBXFileReference; lastKnownFileType = image.png; path = mic_0.png; sourceTree = "<group>"; };
		162EAA251B68C12500AA4CA0 /* mic_1.png */ = {isa = PBXFileReference; lastKnownFileType = image.png; path = mic_1.png; sourceTree = "<group>"; };
		162EAA261B68C12500AA4CA0 /* mic_2.png */ = {isa = PBXFileReference; lastKnownFileType = image.png; path = mic_2.png; sourceTree = "<group>"; };
		162EAA271B68C12500AA4CA0 /* mic_3.png */ = {isa = PBXFileReference; lastKnownFileType = image.png; path = mic_3.png; sourceTree = "<group>"; };
		162EAA281B68C12500AA4CA0 /* mic_4.png */ = {isa = PBXFileReference; lastKnownFileType = image.png; path = mic_4.png; sourceTree = "<group>"; };
		162EAA291B68C12500AA4CA0 /* mic_5.png */ = {isa = PBXFileReference; lastKnownFileType = image.png; path = mic_5.png; sourceTree = "<group>"; };
		162EAA2A1B68C12500AA4CA0 /* mic_cancel.png */ = {isa = PBXFileReference; lastKnownFileType = image.png; path = mic_cancel.png; sourceTree = "<group>"; };
		162EAA2B1B68C12500AA4CA0 /* lame.h */ = {isa = PBXFileReference; fileEncoding = 4; lastKnownFileType = sourcecode.c.h; path = lame.h; sourceTree = "<group>"; };
		162EAA2C1B68C12500AA4CA0 /* libmp3lame.a */ = {isa = PBXFileReference; lastKnownFileType = archive.ar; path = libmp3lame.a; sourceTree = "<group>"; };
		162EAA2D1B68C12500AA4CA0 /* Mp3Recorder.h */ = {isa = PBXFileReference; fileEncoding = 4; lastKnownFileType = sourcecode.c.h; path = Mp3Recorder.h; sourceTree = "<group>"; };
		162EAA2E1B68C12500AA4CA0 /* Mp3Recorder.m */ = {isa = PBXFileReference; fileEncoding = 4; lastKnownFileType = sourcecode.c.objc; path = Mp3Recorder.m; sourceTree = "<group>"; };
		162EAA2F1B68C12500AA4CA0 /* RecordHUD.h */ = {isa = PBXFileReference; fileEncoding = 4; lastKnownFileType = sourcecode.c.h; path = RecordHUD.h; sourceTree = "<group>"; };
		162EAA301B68C12500AA4CA0 /* RecordHUD.m */ = {isa = PBXFileReference; fileEncoding = 4; lastKnownFileType = sourcecode.c.objc; path = RecordHUD.m; sourceTree = "<group>"; };
/* End PBXFileReference section */

/* Begin PBXFrameworksBuildPhase section */
		162EA9D51B676E9100AA4CA0 /* Frameworks */ = {
			isa = PBXFrameworksBuildPhase;
			buildActionMask = 2147483647;
			files = (
				162EAA391B68C12500AA4CA0 /* libmp3lame.a in Frameworks */,
			);
			runOnlyForDeploymentPostprocessing = 0;
		};
		162EA9EE1B676E9100AA4CA0 /* Frameworks */ = {
			isa = PBXFrameworksBuildPhase;
			buildActionMask = 2147483647;
			files = (
			);
			runOnlyForDeploymentPostprocessing = 0;
		};
/* End PBXFrameworksBuildPhase section */

/* Begin PBXGroup section */
		162EA9CF1B676E9100AA4CA0 = {
			isa = PBXGroup;
			children = (
				162EA9DA1B676E9100AA4CA0 /* D3RecordButtonDemo */,
				162EA9F41B676E9100AA4CA0 /* D3RecordButtonDemoTests */,
				162EA9D91B676E9100AA4CA0 /* Products */,
			);
			sourceTree = "<group>";
		};
		162EA9D91B676E9100AA4CA0 /* Products */ = {
			isa = PBXGroup;
			children = (
				162EA9D81B676E9100AA4CA0 /* D3RecordButtonDemo.app */,
				162EA9F11B676E9100AA4CA0 /* D3RecordButtonDemoTests.xctest */,
			);
			name = Products;
			sourceTree = "<group>";
		};
		162EA9DA1B676E9100AA4CA0 /* D3RecordButtonDemo */ = {
			isa = PBXGroup;
			children = (
				162EAA201B68C12500AA4CA0 /* D3RecordBtutton */,
				162EA9DF1B676E9100AA4CA0 /* AppDelegate.h */,
				162EA9E01B676E9100AA4CA0 /* AppDelegate.m */,
				162EA9E21B676E9100AA4CA0 /* ViewController.h */,
				162EA9E31B676E9100AA4CA0 /* ViewController.m */,
				162EA9E51B676E9100AA4CA0 /* Main.storyboard */,
				162EA9E81B676E9100AA4CA0 /* Images.xcassets */,
				162EA9EA1B676E9100AA4CA0 /* LaunchScreen.xib */,
				162EA9DB1B676E9100AA4CA0 /* Supporting Files */,
			);
			path = D3RecordButtonDemo;
			sourceTree = "<group>";
		};
		162EA9DB1B676E9100AA4CA0 /* Supporting Files */ = {
			isa = PBXGroup;
			children = (
				162EA9DC1B676E9100AA4CA0 /* Info.plist */,
				162EA9DD1B676E9100AA4CA0 /* main.m */,
			);
			name = "Supporting Files";
			sourceTree = "<group>";
		};
		162EA9F41B676E9100AA4CA0 /* D3RecordButtonDemoTests */ = {
			isa = PBXGroup;
			children = (
				162EA9F71B676E9100AA4CA0 /* D3RecordButtonDemoTests.m */,
				162EA9F51B676E9100AA4CA0 /* Supporting Files */,
			);
			path = D3RecordButtonDemoTests;
			sourceTree = "<group>";
		};
		162EA9F51B676E9100AA4CA0 /* Supporting Files */ = {
			isa = PBXGroup;
			children = (
				162EA9F61B676E9100AA4CA0 /* Info.plist */,
			);
			name = "Supporting Files";
			sourceTree = "<group>";
		};
		162EAA201B68C12500AA4CA0 /* D3RecordBtutton */ = {
			isa = PBXGroup;
			children = (
				162EAA211B68C12500AA4CA0 /* D3RecordButton.h */,
				162EAA221B68C12500AA4CA0 /* D3RecordButton.m */,
				162EAA231B68C12500AA4CA0 /* imgs */,
				162EAA2B1B68C12500AA4CA0 /* lame.h */,
				162EAA2C1B68C12500AA4CA0 /* libmp3lame.a */,
				162EAA2D1B68C12500AA4CA0 /* Mp3Recorder.h */,
				162EAA2E1B68C12500AA4CA0 /* Mp3Recorder.m */,
				162EAA2F1B68C12500AA4CA0 /* RecordHUD.h */,
				162EAA301B68C12500AA4CA0 /* RecordHUD.m */,
			);
			path = D3RecordBtutton;
			sourceTree = SOURCE_ROOT;
		};
		162EAA231B68C12500AA4CA0 /* imgs */ = {
			isa = PBXGroup;
			children = (
				162EAA241B68C12500AA4CA0 /* mic_0.png */,
				162EAA251B68C12500AA4CA0 /* mic_1.png */,
				162EAA261B68C12500AA4CA0 /* mic_2.png */,
				162EAA271B68C12500AA4CA0 /* mic_3.png */,
				162EAA281B68C12500AA4CA0 /* mic_4.png */,
				162EAA291B68C12500AA4CA0 /* mic_5.png */,
				162EAA2A1B68C12500AA4CA0 /* mic_cancel.png */,
			);
			path = imgs;
			sourceTree = "<group>";
		};
/* End PBXGroup section */

/* Begin PBXNativeTarget section */
		162EA9D71B676E9100AA4CA0 /* D3RecordButtonDemo */ = {
			isa = PBXNativeTarget;
			buildConfigurationList = 162EA9FB1B676E9100AA4CA0 /* Build configuration list for PBXNativeTarget "D3RecordButtonDemo" */;
			buildPhases = (
				162EA9D41B676E9100AA4CA0 /* Sources */,
				162EA9D51B676E9100AA4CA0 /* Frameworks */,
				162EA9D61B676E9100AA4CA0 /* Resources */,
			);
			buildRules = (
			);
			dependencies = (
			);
			name = D3RecordButtonDemo;
			productName = D3RecordButtonDemo;
			productReference = 162EA9D81B676E9100AA4CA0 /* D3RecordButtonDemo.app */;
			productType = "com.apple.product-type.application";
		};
		162EA9F01B676E9100AA4CA0 /* D3RecordButtonDemoTests */ = {
			isa = PBXNativeTarget;
			buildConfigurationList = 162EA9FE1B676E9100AA4CA0 /* Build configuration list for PBXNativeTarget "D3RecordButtonDemoTests" */;
			buildPhases = (
				162EA9ED1B676E9100AA4CA0 /* Sources */,
				162EA9EE1B676E9100AA4CA0 /* Frameworks */,
				162EA9EF1B676E9100AA4CA0 /* Resources */,
			);
			buildRules = (
			);
			dependencies = (
				162EA9F31B676E9100AA4CA0 /* PBXTargetDependency */,
			);
			name = D3RecordButtonDemoTests;
			productName = D3RecordButtonDemoTests;
			productReference = 162EA9F11B676E9100AA4CA0 /* D3RecordButtonDemoTests.xctest */;
			productType = "com.apple.product-type.bundle.unit-test";
		};
/* End PBXNativeTarget section */

/* Begin PBXProject section */
		162EA9D01B676E9100AA4CA0 /* Project object */ = {
			isa = PBXProject;
			attributes = {
				LastUpgradeCheck = 0640;
				ORGANIZATIONNAME = bmind;
				TargetAttributes = {
					162EA9D71B676E9100AA4CA0 = {
						CreatedOnToolsVersion = 6.4;
					};
					162EA9F01B676E9100AA4CA0 = {
						CreatedOnToolsVersion = 6.4;
						TestTargetID = 162EA9D71B676E9100AA4CA0;
					};
				};
			};
			buildConfigurationList = 162EA9D31B676E9100AA4CA0 /* Build configuration list for PBXProject "D3RecordButtonDemo" */;
			compatibilityVersion = "Xcode 3.2";
			developmentRegion = English;
			hasScannedForEncodings = 0;
			knownRegions = (
				en,
				Base,
			);
			mainGroup = 162EA9CF1B676E9100AA4CA0;
			productRefGroup = 162EA9D91B676E9100AA4CA0 /* Products */;
			projectDirPath = "";
			projectRoot = "";
			targets = (
				162EA9D71B676E9100AA4CA0 /* D3RecordButtonDemo */,
				162EA9F01B676E9100AA4CA0 /* D3RecordButtonDemoTests */,
			);
		};
/* End PBXProject section */

/* Begin PBXResourcesBuildPhase section */
		162EA9D61B676E9100AA4CA0 /* Resources */ = {
			isa = PBXResourcesBuildPhase;
			buildActionMask = 2147483647;
			files = (
				162EAA361B68C12500AA4CA0 /* mic_4.png in Resources */,
				162EAA351B68C12500AA4CA0 /* mic_3.png in Resources */,
				162EAA371B68C12500AA4CA0 /* mic_5.png in Resources */,
				162EAA331B68C12500AA4CA0 /* mic_1.png in Resources */,
				162EAA321B68C12500AA4CA0 /* mic_0.png in Resources */,
				162EAA381B68C12500AA4CA0 /* mic_cancel.png in Resources */,
				162EAA341B68C12500AA4CA0 /* mic_2.png in Resources */,
				162EA9E71B676E9100AA4CA0 /* Main.storyboard in Resources */,
				162EA9EC1B676E9100AA4CA0 /* LaunchScreen.xib in Resources */,
				162EA9E91B676E9100AA4CA0 /* Images.xcassets in Resources */,
			);
			runOnlyForDeploymentPostprocessing = 0;
		};
		162EA9EF1B676E9100AA4CA0 /* Resources */ = {
			isa = PBXResourcesBuildPhase;
			buildActionMask = 2147483647;
			files = (
			);
			runOnlyForDeploymentPostprocessing = 0;
		};
/* End PBXResourcesBuildPhase section */

/* Begin PBXSourcesBuildPhase section */
		162EA9D41B676E9100AA4CA0 /* Sources */ = {
			isa = PBXSourcesBuildPhase;
			buildActionMask = 2147483647;
			files = (
				162EA9E41B676E9100AA4CA0 /* ViewController.m in Sources */,
				162EAA3A1B68C12500AA4CA0 /* Mp3Recorder.m in Sources */,
				162EAA3B1B68C12500AA4CA0 /* RecordHUD.m in Sources */,
				162EAA311B68C12500AA4CA0 /* D3RecordButton.m in Sources */,
				162EA9E11B676E9100AA4CA0 /* AppDelegate.m in Sources */,
				162EA9DE1B676E9100AA4CA0 /* main.m in Sources */,
			);
			runOnlyForDeploymentPostprocessing = 0;
		};
		162EA9ED1B676E9100AA4CA0 /* Sources */ = {
			isa = PBXSourcesBuildPhase;
			buildActionMask = 2147483647;
			files = (
				162EA9F81B676E9100AA4CA0 /* D3RecordButtonDemoTests.m in Sources */,
			);
			runOnlyForDeploymentPostprocessing = 0;
		};
/* End PBXSourcesBuildPhase section */

/* Begin PBXTargetDependency section */
		162EA9F31B676E9100AA4CA0 /* PBXTargetDependency */ = {
			isa = PBXTargetDependency;
			target = 162EA9D71B676E9100AA4CA0 /* D3RecordButtonDemo */;
			targetProxy = 162EA9F21B676E9100AA4CA0 /* PBXContainerItemProxy */;
		};
/* End PBXTargetDependency section */

/* Begin PBXVariantGroup section */
		162EA9E51B676E9100AA4CA0 /* Main.storyboard */ = {
			isa = PBXVariantGroup;
			children = (
				162EA9E61B676E9100AA4CA0 /* Base */,
			);
			name = Main.storyboard;
			sourceTree = "<group>";
		};
		162EA9EA1B676E9100AA4CA0 /* LaunchScreen.xib */ = {
			isa = PBXVariantGroup;
			children = (
				162EA9EB1B676E9100AA4CA0 /* Base */,
			);
			name = LaunchScreen.xib;
			sourceTree = "<group>";
		};
/* End PBXVariantGroup section */

/* Begin XCBuildConfiguration section */
		162EA9F91B676E9100AA4CA0 /* Debug */ = {
			isa = XCBuildConfiguration;
			buildSettings = {
				ALWAYS_SEARCH_USER_PATHS = NO;
				CLANG_CXX_LANGUAGE_STANDARD = "gnu++0x";
				CLANG_CXX_LIBRARY = "libc++";
				CLANG_ENABLE_MODULES = YES;
				CLANG_ENABLE_OBJC_ARC = YES;
				CLANG_WARN_BOOL_CONVERSION = YES;
				CLANG_WARN_CONSTANT_CONVERSION = YES;
				CLANG_WARN_DIRECT_OBJC_ISA_USAGE = YES_ERROR;
				CLANG_WARN_EMPTY_BODY = YES;
				CLANG_WARN_ENUM_CONVERSION = YES;
				CLANG_WARN_INT_CONVERSION = YES;
				CLANG_WARN_OBJC_ROOT_CLASS = YES_ERROR;
				CLANG_WARN_UNREACHABLE_CODE = YES;
				CLANG_WARN__DUPLICATE_METHOD_MATCH = YES;
				"CODE_SIGN_IDENTITY[sdk=iphoneos*]" = "iPhone Developer";
				COPY_PHASE_STRIP = NO;
				DEBUG_INFORMATION_FORMAT = "dwarf-with-dsym";
				ENABLE_STRICT_OBJC_MSGSEND = YES;
				GCC_C_LANGUAGE_STANDARD = gnu99;
				GCC_DYNAMIC_NO_PIC = NO;
				GCC_NO_COMMON_BLOCKS = YES;
				GCC_OPTIMIZATION_LEVEL = 0;
				GCC_PREPROCESSOR_DEFINITIONS = (
					"DEBUG=1",
					"$(inherited)",
				);
				GCC_SYMBOLS_PRIVATE_EXTERN = NO;
				GCC_WARN_64_TO_32_BIT_CONVERSION = YES;
				GCC_WARN_ABOUT_RETURN_TYPE = YES_ERROR;
				GCC_WARN_UNDECLARED_SELECTOR = YES;
				GCC_WARN_UNINITIALIZED_AUTOS = YES_AGGRESSIVE;
				GCC_WARN_UNUSED_FUNCTION = YES;
				GCC_WARN_UNUSED_VARIABLE = YES;
				IPHONEOS_DEPLOYMENT_TARGET = 8.4;
				MTL_ENABLE_DEBUG_INFO = YES;
				ONLY_ACTIVE_ARCH = YES;
				SDKROOT = iphoneos;
				TARGETED_DEVICE_FAMILY = "1,2";
			};
			name = Debug;
		};
		162EA9FA1B676E9100AA4CA0 /* Release */ = {
			isa = XCBuildConfiguration;
			buildSettings = {
				ALWAYS_SEARCH_USER_PATHS = NO;
				CLANG_CXX_LANGUAGE_STANDARD = "gnu++0x";
				CLANG_CXX_LIBRARY = "libc++";
				CLANG_ENABLE_MODULES = YES;
				CLANG_ENABLE_OBJC_ARC = YES;
				CLANG_WARN_BOOL_CONVERSION = YES;
				CLANG_WARN_CONSTANT_CONVERSION = YES;
				CLANG_WARN_DIRECT_OBJC_ISA_USAGE = YES_ERROR;
				CLANG_WARN_EMPTY_BODY = YES;
				CLANG_WARN_ENUM_CONVERSION = YES;
				CLANG_WARN_INT_CONVERSION = YES;
				CLANG_WARN_OBJC_ROOT_CLASS = YES_ERROR;
				CLANG_WARN_UNREACHABLE_CODE = YES;
				CLANG_WARN__DUPLICATE_METHOD_MATCH = YES;
				"CODE_SIGN_IDENTITY[sdk=iphoneos*]" = "iPhone Developer";
				COPY_PHASE_STRIP = NO;
				DEBUG_INFORMATION_FORMAT = "dwarf-with-dsym";
				ENABLE_NS_ASSERTIONS = NO;
				ENABLE_STRICT_OBJC_MSGSEND = YES;
				GCC_C_LANGUAGE_STANDARD = gnu99;
				GCC_NO_COMMON_BLOCKS = YES;
				GCC_WARN_64_TO_32_BIT_CONVERSION = YES;
				GCC_WARN_ABOUT_RETURN_TYPE = YES_ERROR;
				GCC_WARN_UNDECLARED_SELECTOR = YES;
				GCC_WARN_UNINITIALIZED_AUTOS = YES_AGGRESSIVE;
				GCC_WARN_UNUSED_FUNCTION = YES;
				GCC_WARN_UNUSED_VARIABLE = YES;
				IPHONEOS_DEPLOYMENT_TARGET = 8.4;
				MTL_ENABLE_DEBUG_INFO = NO;
				SDKROOT = iphoneos;
				TARGETED_DEVICE_FAMILY = "1,2";
				VALIDATE_PRODUCT = YES;
			};
			name = Release;
		};
		162EA9FC1B676E9100AA4CA0 /* Debug */ = {
			isa = XCBuildConfiguration;
			buildSettings = {
				ASSETCATALOG_COMPILER_APPICON_NAME = AppIcon;
				INFOPLIST_FILE = D3RecordButtonDemo/Info.plist;
				LD_RUNPATH_SEARCH_PATHS = "$(inherited) @executable_path/Frameworks";
				LIBRARY_SEARCH_PATHS = (
					"$(inherited)",
					"$(PROJECT_DIR)/D3RecordButtonDemo/D3RecordBtutton",
					"$(PROJECT_DIR)/D3RecordBtutton",
				);
				PRODUCT_NAME = "$(TARGET_NAME)";
			};
			name = Debug;
		};
		162EA9FD1B676E9100AA4CA0 /* Release */ = {
			isa = XCBuildConfiguration;
			buildSettings = {
				ASSETCATALOG_COMPILER_APPICON_NAME = AppIcon;
				INFOPLIST_FILE = D3RecordButtonDemo/Info.plist;
				LD_RUNPATH_SEARCH_PATHS = "$(inherited) @executable_path/Frameworks";
				LIBRARY_SEARCH_PATHS = (
					"$(inherited)",
					"$(PROJECT_DIR)/D3RecordButtonDemo/D3RecordBtutton",
					"$(PROJECT_DIR)/D3RecordBtutton",
				);
				PRODUCT_NAME = "$(TARGET_NAME)";
			};
			name = Release;
		};
		162EA9FF1B676E9100AA4CA0 /* Debug */ = {
			isa = XCBuildConfiguration;
			buildSettings = {
				BUNDLE_LOADER = "$(TEST_HOST)";
				FRAMEWORK_SEARCH_PATHS = (
					"$(SDKROOT)/Developer/Library/Frameworks",
					"$(inherited)",
				);
				GCC_PREPROCESSOR_DEFINITIONS = (
					"DEBUG=1",
					"$(inherited)",
				);
				INFOPLIST_FILE = D3RecordButtonDemoTests/Info.plist;
				LD_RUNPATH_SEARCH_PATHS = "$(inherited) @executable_path/Frameworks @loader_path/Frameworks";
				PRODUCT_NAME = "$(TARGET_NAME)";
				TEST_HOST = "$(BUILT_PRODUCTS_DIR)/D3RecordButtonDemo.app/D3RecordButtonDemo";
			};
			name = Debug;
		};
		162EAA001B676E9100AA4CA0 /* Release */ = {
			isa = XCBuildConfiguration;
			buildSettings = {
				BUNDLE_LOADER = "$(TEST_HOST)";
				FRAMEWORK_SEARCH_PATHS = (
					"$(SDKROOT)/Developer/Library/Frameworks",
					"$(inherited)",
				);
				INFOPLIST_FILE = D3RecordButtonDemoTests/Info.plist;
				LD_RUNPATH_SEARCH_PATHS = "$(inherited) @executable_path/Frameworks @loader_path/Frameworks";
				PRODUCT_NAME = "$(TARGET_NAME)";
				TEST_HOST = "$(BUILT_PRODUCTS_DIR)/D3RecordButtonDemo.app/D3RecordButtonDemo";
			};
			name = Release;
		};
/* End XCBuildConfiguration section */

/* Begin XCConfigurationList section */
		162EA9D31B676E9100AA4CA0 /* Build configuration list for PBXProject "D3RecordButtonDemo" */ = {
			isa = XCConfigurationList;
			buildConfigurations = (
				162EA9F91B676E9100AA4CA0 /* Debug */,
				162EA9FA1B676E9100AA4CA0 /* Release */,
			);
			defaultConfigurationIsVisible = 0;
			defaultConfigurationName = Release;
		};
		162EA9FB1B676E9100AA4CA0 /* Build configuration list for PBXNativeTarget "D3RecordButtonDemo" */ = {
			isa = XCConfigurationList;
			buildConfigurations = (
				162EA9FC1B676E9100AA4CA0 /* Debug */,
				162EA9FD1B676E9100AA4CA0 /* Release */,
			);
			defaultConfigurationIsVisible = 0;
		};
		162EA9FE1B676E9100AA4CA0 /* Build configuration list for PBXNativeTarget "D3RecordButtonDemoTests" */ = {
			isa = XCConfigurationList;
			buildConfigurations = (
				162EA9FF1B676E9100AA4CA0 /* Debug */,
				162EAA001B676E9100AA4CA0 /* Release */,
			);
			defaultConfigurationIsVisible = 0;
		};
/* End XCConfigurationList section */
	};
	rootObject = 162EA9D01B676E9100AA4CA0 /* Project object */;
}
